{
    "_readme": [
        "This file locks the dependencies of your project to a known state",
        "Read more about it at http://getcomposer.org/doc/01-basic-usage.md#composer-lock-the-lock-file",
        "This file is @generated automatically"
    ],
    "hash": "b3fdaa1cf76df526a72d91954825e57a",
    "packages": [
        {
            "name": "craftsmancoding/pagination",
            "version": "dev-master",
            "source": {
                "type": "git",
                "url": "https://github.com/craftsmancoding/pagination.git",
                "reference": "ae594cc6e97d95e7924142e398a3fe377f2beb49"
            },
            "dist": {
                "type": "zip",
                "url": "https://api.github.com/repos/craftsmancoding/pagination/zipball/ae594cc6e97d95e7924142e398a3fe377f2beb49",
                "reference": "ae594cc6e97d95e7924142e398a3fe377f2beb49",
                "shasum": ""
            },
            "require": {
                "php": ">=5.3.0"
            },
            "type": "library",
            "autoload": {
                "psr-4": {
                    "Pagination\\": "src/"
                }
            },
            "notification-url": "https://packagist.org/downloads/",
            "authors": [
                {
                    "name": "Everett Griffiths",
                    "email": "everett@craftsmancoding.com"
                }
            ],
            "description": ".",
            "keywords": [
                "pagination"
            ],
            "time": "2014-10-27 07:44:30"
        }
    ],
    "packages-dev": [

    ],
    "aliases": [

    ],
    "minimum-stability": "stable",
    "stability-flags": {
        "craftsmancoding/pagination": 20
    },
    "prefer-stable": false,
    "platform": {
        "php": ">=5.3"
    },
    "platform-dev": [

    ]
}
