{
    "_readme": [
        "This file locks the dependencies of your project to a known state",
        "Read more about it at https://getcomposer.org/doc/01-basic-usage.md#composer-lock-the-lock-file",
        "This file is @generated automatically"
    ],
    "hash": "a2511500f339fdd7abb7f2beef75dcb1",
    "packages": [
        {
            "name": "craftsmancoding/pagination",
            "version": "dev-master",
            "source": {
                "type": "git",
                "url": "https://github.com/craftsmancoding/pagination.git",
                "reference": "3253a367e8fd2ba626cf3c27041fd05451c33103"
            },
            "dist": {
                "type": "zip",
                "url": "https://api.github.com/repos/craftsmancoding/pagination/zipball/3253a367e8fd2ba626cf3c27041fd05451c33103",
                "reference": "3253a367e8fd2ba626cf3c27041fd05451c33103",
                "shasum": ""
            },
            "require": {
                "php": ">=5.3.0"
            },
            "type": "library",
            "autoload": {
                "psr-4": {
                    "Pagination\\": "src/"
                }
            },
            "notification-url": "https://packagist.org/downloads/",
            "authors": [
                {
                    "name": "Everett Griffiths",
                    "email": "everett@craftsmancoding.com"
                }
            ],
            "description": ".",
            "keywords": [
                "pagination"
            ],
            "time": "2014-10-27 16:07:28"
        }
    ],
    "packages-dev": [],
    "aliases": [],
    "minimum-stability": "stable",
    "stability-flags": {
        "craftsmancoding/pagination": 20
    },
    "prefer-stable": false,
    "prefer-lowest": false,
    "platform": {
        "php": ">=5.3"
    },
    "platform-dev": []
}
